{
    "name": "usitedemo",
    "version": "1.0.0",
    "lockfileVersion": 1,
    "requires": true,
    "dependencies": {
        "rss20": {
            "version": "1.0.2",
            "resolved": "https://registry.npmjs.org/rss20/-/rss20-1.0.2.tgz",
            "integrity": "sha1-qMOqcTfRGyXlGvm7dTvSWVIG5mE=",
            "dev": true
        }
    }
}
